{
    "_meta": {
        "hash": {
            "sha256": "76b7ab71e458b6281cbe0fedf78bbf1cba0659bea4a0fa371e439cffbb19d32b"
        },
        "host-environment-markers": {
            "implementation_name": "cpython",
            "implementation_version": "3.7.0b1",
            "os_name": "nt",
            "platform_machine": "AMD64",
            "platform_python_implementation": "CPython",
            "platform_release": "10",
            "platform_system": "Windows",
            "platform_version": "10.0.16299",
            "python_full_version": "3.7.0b1",
            "python_version": "3.7",
            "sys_platform": "win32"
        },
        "pipfile-spec": 6,
        "requires": {
            "python_version": "3.7"
        },
        "sources": [
            {
                "name": "pypi",
                "url": "https://pypi.org/simple",
                "verify_ssl": true
            }
        ]
    },
    "default": {
        "aiohttp": {
            "hashes": [],
            "version": "==3.4.4"
        },
        "async-timeout": {
            "hashes": [],
            "version": "==3.0.1"
        },
        "asyncio": {
            "hashes": [],
            "version": "==3.4.3"
        },
        "attrs": {
            "hashes": [],
            "version": "==18.2.0"
        },
        "certifi": {
            "hashes": [],
            "version": "==2018.8.24"
        },
        "chardet": {
            "hashes": [],
            "version": "==3.0.4"
        },
        "idna": {
            "hashes": [],
            "version": "==2.7"
        },
        "multidict": {
            "hashes": [],
            "version": "==4.4.2"
        },
        "pillow": {
            "hashes": [],
            "version": "==5.3.0"
        },
        "pygments": {
            "hashes": [],
            "version": "==2.2.0"
        },
        "requests": {
            "hashes": [],
            "version": "==2.19.1"
        },
        "requests-toolbelt": {
            "hashes": [],
            "version": "==0.8.0"
        },
        "urllib3": {
            "hashes": [],
            "version": "==1.23"
        },
        "yarl": {
            "hashes": [],
            "version": "==1.2.6"
        }
    },
    "develop": {}
}
